
Microsoft Visual Studio Solution File, Format Version 12.00
# Visual Studio Version 17
VisualStudioVersion = 17.7.34221.43
MinimumVisualStudioVersion = 10.0.40219.1
Project("{8BC9CEB8-8B4A-11D0-8D11-00A0C91BC942}") = "PW4", "PW4\PW4.vcxproj", "{EDBA040C-282E-46AA-A576-17EFA13E6EEC}"
	ProjectSection(ProjectDependencies) = postProject
		{025A1406-606D-4A21-9700-53CF7F4641BF} = {025A1406-606D-4A21-9700-53CF7F4641BF}
	EndProjectSection
EndProject
Project("{8BC9CEB8-8B4A-11D0-8D11-00A0C91BC942}") = "ConsoleLib", "ConsoleLib\ConsoleLib.vcxproj", "{025A1406-606D-4A21-9700-53CF7F4641BF}"
EndProject
Project("{8BC9CEB8-8B4A-11D0-8D11-00A0C91BC942}") = "PW5", "PW5\PW5.vcxproj", "{29BBF991-1DBD-46A8-AAD4-53F1286C3282}"
EndProject
Project("{8BC9CEB8-8B4A-11D0-8D11-00A0C91BC942}") = "PW6", "PW6\PW6.vcxproj", "{7C1C03D0-9F5C-461F-BDFA-CCC3E6069EAA}"
EndProject
Project("{8BC9CEB8-8B4A-11D0-8D11-00A0C91BC942}") = "PW7", "PW7\PW7.vcxproj", "{0D71ED5B-B823-4CA5-8C28-8ABD27254176}"
EndProject
Project("{8BC9CEB8-8B4A-11D0-8D11-00A0C91BC942}") = "Utils", "Utils\Utils.vcxproj", "{CBCE3325-C612-4535-BD7C-87967A8CB5B6}"
EndProject
Project("{8BC9CEB8-8B4A-11D0-8D11-00A0C91BC942}") = "PW8", "PW8\PW8.vcxproj", "{81E731BC-326F-4D26-9CBB-ED22A903D63A}"
EndProject
Global
	GlobalSection(SolutionConfigurationPlatforms) = preSolution
		Debug|x64 = Debug|x64
		Debug|x86 = Debug|x86
		Release|x64 = Release|x64
		Release|x86 = Release|x86
	EndGlobalSection
	GlobalSection(ProjectConfigurationPlatforms) = postSolution
		{EDBA040C-282E-46AA-A576-17EFA13E6EEC}.Debug|x64.ActiveCfg = Debug|x64
		{EDBA040C-282E-46AA-A576-17EFA13E6EEC}.Debug|x64.Build.0 = Debug|x64
		{EDBA040C-282E-46AA-A576-17EFA13E6EEC}.Debug|x86.ActiveCfg = Debug|Win32
		{EDBA040C-282E-46AA-A576-17EFA13E6EEC}.Debug|x86.Build.0 = Debug|Win32
		{EDBA040C-282E-46AA-A576-17EFA13E6EEC}.Release|x64.ActiveCfg = Release|x64
		{EDBA040C-282E-46AA-A576-17EFA13E6EEC}.Release|x64.Build.0 = Release|x64
		{EDBA040C-282E-46AA-A576-17EFA13E6EEC}.Release|x86.ActiveCfg = Release|Win32
		{EDBA040C-282E-46AA-A576-17EFA13E6EEC}.Release|x86.Build.0 = Release|Win32
		{025A1406-606D-4A21-9700-53CF7F4641BF}.Debug|x64.ActiveCfg = Debug|x64
		{025A1406-606D-4A21-9700-53CF7F4641BF}.Debug|x64.Build.0 = Debug|x64
		{025A1406-606D-4A21-9700-53CF7F4641BF}.Debug|x86.ActiveCfg = Debug|Win32
		{025A1406-606D-4A21-9700-53CF7F4641BF}.Debug|x86.Build.0 = Debug|Win32
		{025A1406-606D-4A21-9700-53CF7F4641BF}.Release|x64.ActiveCfg = Release|x64
		{025A1406-606D-4A21-9700-53CF7F4641BF}.Release|x64.Build.0 = Release|x64
		{025A1406-606D-4A21-9700-53CF7F4641BF}.Release|x86.ActiveCfg = Release|Win32
		{025A1406-606D-4A21-9700-53CF7F4641BF}.Release|x86.Build.0 = Release|Win32
		{29BBF991-1DBD-46A8-AAD4-53F1286C3282}.Debug|x64.ActiveCfg = Debug|x64
		{29BBF991-1DBD-46A8-AAD4-53F1286C3282}.Debug|x64.Build.0 = Debug|x64
		{29BBF991-1DBD-46A8-AAD4-53F1286C3282}.Debug|x86.ActiveCfg = Debug|Win32
		{29BBF991-1DBD-46A8-AAD4-53F1286C3282}.Debug|x86.Build.0 = Debug|Win32
		{29BBF991-1DBD-46A8-AAD4-53F1286C3282}.Release|x64.ActiveCfg = Release|x64
		{29BBF991-1DBD-46A8-AAD4-53F1286C3282}.Release|x64.Build.0 = Release|x64
		{29BBF991-1DBD-46A8-AAD4-53F1286C3282}.Release|x86.ActiveCfg = Release|Win32
		{29BBF991-1DBD-46A8-AAD4-53F1286C3282}.Release|x86.Build.0 = Release|Win32
		{7C1C03D0-9F5C-461F-BDFA-CCC3E6069EAA}.Debug|x64.ActiveCfg = Debug|x64
		{7C1C03D0-9F5C-461F-BDFA-CCC3E6069EAA}.Debug|x64.Build.0 = Debug|x64
		{7C1C03D0-9F5C-461F-BDFA-CCC3E6069EAA}.Debug|x86.ActiveCfg = Debug|Win32
		{7C1C03D0-9F5C-461F-BDFA-CCC3E6069EAA}.Debug|x86.Build.0 = Debug|Win32
		{7C1C03D0-9F5C-461F-BDFA-CCC3E6069EAA}.Release|x64.ActiveCfg = Release|x64
		{7C1C03D0-9F5C-461F-BDFA-CCC3E6069EAA}.Release|x64.Build.0 = Release|x64
		{7C1C03D0-9F5C-461F-BDFA-CCC3E6069EAA}.Release|x86.ActiveCfg = Release|Win32
		{7C1C03D0-9F5C-461F-BDFA-CCC3E6069EAA}.Release|x86.Build.0 = Release|Win32
		{0D71ED5B-B823-4CA5-8C28-8ABD27254176}.Debug|x64.ActiveCfg = Debug|x64
		{0D71ED5B-B823-4CA5-8C28-8ABD27254176}.Debug|x64.Build.0 = Debug|x64
		{0D71ED5B-B823-4CA5-8C28-8ABD27254176}.Debug|x86.ActiveCfg = Debug|Win32
		{0D71ED5B-B823-4CA5-8C28-8ABD27254176}.Debug|x86.Build.0 = Debug|Win32
		{0D71ED5B-B823-4CA5-8C28-8ABD27254176}.Release|x64.ActiveCfg = Release|x64
		{0D71ED5B-B823-4CA5-8C28-8ABD27254176}.Release|x64.Build.0 = Release|x64
		{0D71ED5B-B823-4CA5-8C28-8ABD27254176}.Release|x86.ActiveCfg = Release|Win32
		{0D71ED5B-B823-4CA5-8C28-8ABD27254176}.Release|x86.Build.0 = Release|Win32
		{CBCE3325-C612-4535-BD7C-87967A8CB5B6}.Debug|x64.ActiveCfg = Debug|x64
		{CBCE3325-C612-4535-BD7C-87967A8CB5B6}.Debug|x64.Build.0 = Debug|x64
		{CBCE3325-C612-4535-BD7C-87967A8CB5B6}.Debug|x86.ActiveCfg = Debug|Win32
		{CBCE3325-C612-4535-BD7C-87967A8CB5B6}.Debug|x86.Build.0 = Debug|Win32
		{CBCE3325-C612-4535-BD7C-87967A8CB5B6}.Release|x64.ActiveCfg = Release|x64
		{CBCE3325-C612-4535-BD7C-87967A8CB5B6}.Release|x64.Build.0 = Release|x64
		{CBCE3325-C612-4535-BD7C-87967A8CB5B6}.Release|x86.ActiveCfg = Release|Win32
		{CBCE3325-C612-4535-BD7C-87967A8CB5B6}.Release|x86.Build.0 = Release|Win32
		{81E731BC-326F-4D26-9CBB-ED22A903D63A}.Debug|x64.ActiveCfg = Debug|x64
		{81E731BC-326F-4D26-9CBB-ED22A903D63A}.Debug|x64.Build.0 = Debug|x64
		{81E731BC-326F-4D26-9CBB-ED22A903D63A}.Debug|x86.ActiveCfg = Debug|Win32
		{81E731BC-326F-4D26-9CBB-ED22A903D63A}.Debug|x86.Build.0 = Debug|Win32
		{81E731BC-326F-4D26-9CBB-ED22A903D63A}.Release|x64.ActiveCfg = Release|x64
		{81E731BC-326F-4D26-9CBB-ED22A903D63A}.Release|x64.Build.0 = Release|x64
		{81E731BC-326F-4D26-9CBB-ED22A903D63A}.Release|x86.ActiveCfg = Release|Win32
		{81E731BC-326F-4D26-9CBB-ED22A903D63A}.Release|x86.Build.0 = Release|Win32
	EndGlobalSection
	GlobalSection(SolutionProperties) = preSolution
		HideSolutionNode = FALSE
	EndGlobalSection
	GlobalSection(ExtensibilityGlobals) = postSolution
		SolutionGuid = {E5D21AF6-A1E1-4DDE-9EE4-4B9DACDA42A0}
	EndGlobalSection
EndGlobal
